// !$*UTF8*$!
{
	archiveVersion = 1;
	classes = {
	};
	objectVersion = 46;
	objects = {

/* Begin PBXBuildFile section */
		2300C4231F1BE2F2008AE843 /* AuctionItem.swift in Sources */ = {isa = PBXBuildFile; fileRef = 2300C4221F1BE2F2008AE843 /* AuctionItem.swift */; };
		2300C4251F1C307A008AE843 /* SplashScreen.swift in Sources */ = {isa = PBXBuildFile; fileRef = 2300C4241F1C307A008AE843 /* SplashScreen.swift */; };
		2300C4291F1E77BC008AE843 /* Quicksand in Resources */ = {isa = PBXBuildFile; fileRef = 2300C4281F1E77BC008AE843 /* Quicksand */; };
		2300C42B1F1E789F008AE843 /* Quicksand-Regular.ttf in Resources */ = {isa = PBXBuildFile; fileRef = 2300C42A1F1E789F008AE843 /* Quicksand-Regular.ttf */; };
		2335B6031F2275860099C9EE /* Util.swift in Sources */ = {isa = PBXBuildFile; fileRef = 2335B6021F2275860099C9EE /* Util.swift */; };
		2335B6051F23B9F00099C9EE /* SettingsMenu.swift in Sources */ = {isa = PBXBuildFile; fileRef = 2335B6041F23B9F00099C9EE /* SettingsMenu.swift */; };
		2335B6071F2433520099C9EE /* MainTabBarController.swift in Sources */ = {isa = PBXBuildFile; fileRef = 2335B6061F2433520099C9EE /* MainTabBarController.swift */; };
		2335B6091F24B03E0099C9EE /* PirateOnWood.png in Resources */ = {isa = PBXBuildFile; fileRef = 2335B6081F24B03E0099C9EE /* PirateOnWood.png */; };
		23361EE41F14094B00087764 /* AppDelegate.swift in Sources */ = {isa = PBXBuildFile; fileRef = 23361EE31F14094B00087764 /* AppDelegate.swift */; };
		23361EE61F14094B00087764 /* AuctionViewController.swift in Sources */ = {isa = PBXBuildFile; fileRef = 23361EE51F14094B00087764 /* AuctionViewController.swift */; };
		23361EE81F14094B00087764 /* StudentViewController.swift in Sources */ = {isa = PBXBuildFile; fileRef = 23361EE71F14094B00087764 /* StudentViewController.swift */; };
		23361EEB1F14094B00087764 /* Main.storyboard in Resources */ = {isa = PBXBuildFile; fileRef = 23361EE91F14094B00087764 /* Main.storyboard */; };
		23361EED1F14094B00087764 /* Assets.xcassets in Resources */ = {isa = PBXBuildFile; fileRef = 23361EEC1F14094B00087764 /* Assets.xcassets */; };
		23361EF01F14094B00087764 /* LaunchScreen.storyboard in Resources */ = {isa = PBXBuildFile; fileRef = 23361EEE1F14094B00087764 /* LaunchScreen.storyboard */; };
		23361EFB1F14094B00087764 /* TestTabbedTests.swift in Sources */ = {isa = PBXBuildFile; fileRef = 23361EFA1F14094B00087764 /* TestTabbedTests.swift */; };
		23361F061F14094B00087764 /* TestTabbedUITests.swift in Sources */ = {isa = PBXBuildFile; fileRef = 23361F051F14094B00087764 /* TestTabbedUITests.swift */; };
		238F112F1F1451540069C015 /* GoogleService-Info.plist in Resources */ = {isa = PBXBuildFile; fileRef = 238F112E1F1451540069C015 /* GoogleService-Info.plist */; };
		238F11331F1548BE0069C015 /* DataContainer.swift in Sources */ = {isa = PBXBuildFile; fileRef = 238F11321F1548BE0069C015 /* DataContainer.swift */; };
		238F11351F15672C0069C015 /* ItemDetailViewController.swift in Sources */ = {isa = PBXBuildFile; fileRef = 238F11341F15672C0069C015 /* ItemDetailViewController.swift */; };
		238F11371F1596A20069C015 /* EditItemViewController.swift in Sources */ = {isa = PBXBuildFile; fileRef = 238F11361F1596A20069C015 /* EditItemViewController.swift */; };
		23D5162C1F1FD98E003F2107 /* AuctionResultsController.swift in Sources */ = {isa = PBXBuildFile; fileRef = 23D5162B1F1FD98E003F2107 /* AuctionResultsController.swift */; };
		4EE9A36FCF3D810D9BA6DB46 /* Pods_TestTabbed.framework in Frameworks */ = {isa = PBXBuildFile; fileRef = B7C6E2852688CACBE26AE648 /* Pods_TestTabbed.framework */; };
		9891C92920FB57526B8F966E /* Pods_TestTabbedUITests.framework in Frameworks */ = {isa = PBXBuildFile; fileRef = 74E38941305F5BB262A525B5 /* Pods_TestTabbedUITests.framework */; };
		EB46D43A4F65F4D08EA22D7D /* Pods_TestTabbedTests.framework in Frameworks */ = {isa = PBXBuildFile; fileRef = B9954ED4517D26B5031BE8A9 /* Pods_TestTabbedTests.framework */; };
/* End PBXBuildFile section */

/* Begin PBXContainerItemProxy section */
		23361EF71F14094B00087764 /* PBXContainerItemProxy */ = {
			isa = PBXContainerItemProxy;
			containerPortal = 23361ED81F14094B00087764 /* Project object */;
			proxyType = 1;
			remoteGlobalIDString = 23361EDF1F14094B00087764;
			remoteInfo = TestTabbed;
		};
		23361F021F14094B00087764 /* PBXContainerItemProxy */ = {
			isa = PBXContainerItemProxy;
			containerPortal = 23361ED81F14094B00087764 /* Project object */;
			proxyType = 1;
			remoteGlobalIDString = 23361EDF1F14094B00087764;
			remoteInfo = TestTabbed;
		};
/* End PBXContainerItemProxy section */

/* Begin PBXFileReference section */
		2300C4221F1BE2F2008AE843 /* AuctionItem.swift */ = {isa = PBXFileReference; fileEncoding = 4; lastKnownFileType = sourcecode.swift; path = AuctionItem.swift; sourceTree = "<group>"; };
		2300C4241F1C307A008AE843 /* SplashScreen.swift */ = {isa = PBXFileReference; fileEncoding = 4; lastKnownFileType = sourcecode.swift; path = SplashScreen.swift; sourceTree = "<group>"; };
		2300C4281F1E77BC008AE843 /* Quicksand */ = {isa = PBXFileReference; lastKnownFileType = folder; path = Quicksand; sourceTree = "<group>"; };
		2300C42A1F1E789F008AE843 /* Quicksand-Regular.ttf */ = {isa = PBXFileReference; lastKnownFileType = file; name = "Quicksand-Regular.ttf"; path = "TestTabbed/Quicksand/Quicksand-Regular.ttf"; sourceTree = "<group>"; };
		2335B6021F2275860099C9EE /* Util.swift */ = {isa = PBXFileReference; fileEncoding = 4; lastKnownFileType = sourcecode.swift; path = Util.swift; sourceTree = "<group>"; };
		2335B6041F23B9F00099C9EE /* SettingsMenu.swift */ = {isa = PBXFileReference; fileEncoding = 4; lastKnownFileType = sourcecode.swift; path = SettingsMenu.swift; sourceTree = "<group>"; };
		2335B6061F2433520099C9EE /* MainTabBarController.swift */ = {isa = PBXFileReference; fileEncoding = 4; lastKnownFileType = sourcecode.swift; path = MainTabBarController.swift; sourceTree = "<group>"; };
		2335B6081F24B03E0099C9EE /* PirateOnWood.png */ = {isa = PBXFileReference; lastKnownFileType = image.png; path = PirateOnWood.png; sourceTree = "<group>"; };
		23361EE01F14094B00087764 /* TestTabbed.app */ = {isa = PBXFileReference; explicitFileType = wrapper.application; includeInIndex = 0; path = TestTabbed.app; sourceTree = BUILT_PRODUCTS_DIR; };
		23361EE31F14094B00087764 /* AppDelegate.swift */ = {isa = PBXFileReference; lastKnownFileType = sourcecode.swift; path = AppDelegate.swift; sourceTree = "<group>"; };
		23361EE51F14094B00087764 /* AuctionViewController.swift */ = {isa = PBXFileReference; lastKnownFileType = sourcecode.swift; path = AuctionViewController.swift; sourceTree = "<group>"; };
		23361EE71F14094B00087764 /* StudentViewController.swift */ = {isa = PBXFileReference; lastKnownFileType = sourcecode.swift; path = StudentViewController.swift; sourceTree = "<group>"; };
		23361EEA1F14094B00087764 /* Base */ = {isa = PBXFileReference; lastKnownFileType = file.storyboard; name = Base; path = Base.lproj/Main.storyboard; sourceTree = "<group>"; };
		23361EEC1F14094B00087764 /* Assets.xcassets */ = {isa = PBXFileReference; lastKnownFileType = folder.assetcatalog; path = Assets.xcassets; sourceTree = "<group>"; };
		23361EEF1F14094B00087764 /* Base */ = {isa = PBXFileReference; lastKnownFileType = file.storyboard; name = Base; path = Base.lproj/LaunchScreen.storyboard; sourceTree = "<group>"; };
		23361EF11F14094B00087764 /* Info.plist */ = {isa = PBXFileReference; lastKnownFileType = text.plist.xml; path = Info.plist; sourceTree = "<group>"; };
		23361EF61F14094B00087764 /* TestTabbedTests.xctest */ = {isa = PBXFileReference; explicitFileType = wrapper.cfbundle; includeInIndex = 0; path = TestTabbedTests.xctest; sourceTree = BUILT_PRODUCTS_DIR; };
		23361EFA1F14094B00087764 /* TestTabbedTests.swift */ = {isa = PBXFileReference; lastKnownFileType = sourcecode.swift; path = TestTabbedTests.swift; sourceTree = "<group>"; };
		23361EFC1F14094B00087764 /* Info.plist */ = {isa = PBXFileReference; lastKnownFileType = text.plist.xml; path = Info.plist; sourceTree = "<group>"; };
		23361F011F14094B00087764 /* TestTabbedUITests.xctest */ = {isa = PBXFileReference; explicitFileType = wrapper.cfbundle; includeInIndex = 0; path = TestTabbedUITests.xctest; sourceTree = BUILT_PRODUCTS_DIR; };
		23361F051F14094B00087764 /* TestTabbedUITests.swift */ = {isa = PBXFileReference; lastKnownFileType = sourcecode.swift; path = TestTabbedUITests.swift; sourceTree = "<group>"; };
		23361F071F14094B00087764 /* Info.plist */ = {isa = PBXFileReference; lastKnownFileType = text.plist.xml; path = Info.plist; sourceTree = "<group>"; };
		238F112E1F1451540069C015 /* GoogleService-Info.plist */ = {isa = PBXFileReference; fileEncoding = 4; lastKnownFileType = text.plist.xml; path = "GoogleService-Info.plist"; sourceTree = "<group>"; };
		238F11321F1548BE0069C015 /* DataContainer.swift */ = {isa = PBXFileReference; fileEncoding = 4; lastKnownFileType = sourcecode.swift; path = DataContainer.swift; sourceTree = "<group>"; };
		238F11341F15672C0069C015 /* ItemDetailViewController.swift */ = {isa = PBXFileReference; fileEncoding = 4; lastKnownFileType = sourcecode.swift; path = ItemDetailViewController.swift; sourceTree = "<group>"; };
		238F11361F1596A20069C015 /* EditItemViewController.swift */ = {isa = PBXFileReference; fileEncoding = 4; lastKnownFileType = sourcecode.swift; path = EditItemViewController.swift; sourceTree = "<group>"; };
		23D5162B1F1FD98E003F2107 /* AuctionResultsController.swift */ = {isa = PBXFileReference; fileEncoding = 4; lastKnownFileType = sourcecode.swift; path = AuctionResultsController.swift; sourceTree = "<group>"; };
		2636DF2405C7E10749E33A2D /* Pods-TestTabbed.debug.xcconfig */ = {isa = PBXFileReference; includeInIndex = 1; lastKnownFileType = text.xcconfig; name = "Pods-TestTabbed.debug.xcconfig"; path = "Pods/Target Support Files/Pods-TestTabbed/Pods-TestTabbed.debug.xcconfig"; sourceTree = "<group>"; };
		35A10A58FFE29A3BE94FED2A /* Pods-TestTabbedUITests.debug.xcconfig */ = {isa = PBXFileReference; includeInIndex = 1; lastKnownFileType = text.xcconfig; name = "Pods-TestTabbedUITests.debug.xcconfig"; path = "Pods/Target Support Files/Pods-TestTabbedUITests/Pods-TestTabbedUITests.debug.xcconfig"; sourceTree = "<group>"; };
		5EF5FB99935FE3C156F5A317 /* Pods-TestTabbedTests.debug.xcconfig */ = {isa = PBXFileReference; includeInIndex = 1; lastKnownFileType = text.xcconfig; name = "Pods-TestTabbedTests.debug.xcconfig"; path = "Pods/Target Support Files/Pods-TestTabbedTests/Pods-TestTabbedTests.debug.xcconfig"; sourceTree = "<group>"; };
		74E38941305F5BB262A525B5 /* Pods_TestTabbedUITests.framework */ = {isa = PBXFileReference; explicitFileType = wrapper.framework; includeInIndex = 0; path = Pods_TestTabbedUITests.framework; sourceTree = BUILT_PRODUCTS_DIR; };
		AFE39F52AA4AB0FFFDBDD49B /* Pods-TestTabbedUITests.release.xcconfig */ = {isa = PBXFileReference; includeInIndex = 1; lastKnownFileType = text.xcconfig; name = "Pods-TestTabbedUITests.release.xcconfig"; path = "Pods/Target Support Files/Pods-TestTabbedUITests/Pods-TestTabbedUITests.release.xcconfig"; sourceTree = "<group>"; };
		B3D3ABBFFFC926098BD006FC /* Pods-TestTabbedTests.release.xcconfig */ = {isa = PBXFileReference; includeInIndex = 1; lastKnownFileType = text.xcconfig; name = "Pods-TestTabbedTests.release.xcconfig"; path = "Pods/Target Support Files/Pods-TestTabbedTests/Pods-TestTabbedTests.release.xcconfig"; sourceTree = "<group>"; };
		B51CD83EF66D22DC98E63250 /* Pods-TestTabbed.release.xcconfig */ = {isa = PBXFileReference; includeInIndex = 1; lastKnownFileType = text.xcconfig; name = "Pods-TestTabbed.release.xcconfig"; path = "Pods/Target Support Files/Pods-TestTabbed/Pods-TestTabbed.release.xcconfig"; sourceTree = "<group>"; };
		B7C6E2852688CACBE26AE648 /* Pods_TestTabbed.framework */ = {isa = PBXFileReference; explicitFileType = wrapper.framework; includeInIndex = 0; path = Pods_TestTabbed.framework; sourceTree = BUILT_PRODUCTS_DIR; };
		B9954ED4517D26B5031BE8A9 /* Pods_TestTabbedTests.framework */ = {isa = PBXFileReference; explicitFileType = wrapper.framework; includeInIndex = 0; path = Pods_TestTabbedTests.framework; sourceTree = BUILT_PRODUCTS_DIR; };
/* End PBXFileReference section */

/* Begin PBXFrameworksBuildPhase section */
		23361EDD1F14094B00087764 /* Frameworks */ = {
			isa = PBXFrameworksBuildPhase;
			buildActionMask = 2147483647;
			files = (
				4EE9A36FCF3D810D9BA6DB46 /* Pods_TestTabbed.framework in Frameworks */,
			);
			runOnlyForDeploymentPostprocessing = 0;
		};
		23361EF31F14094B00087764 /* Frameworks */ = {
			isa = PBXFrameworksBuildPhase;
			buildActionMask = 2147483647;
			files = (
				EB46D43A4F65F4D08EA22D7D /* Pods_TestTabbedTests.framework in Frameworks */,
			);
			runOnlyForDeploymentPostprocessing = 0;
		};
		23361EFE1F14094B00087764 /* Frameworks */ = {
			isa = PBXFrameworksBuildPhase;
			buildActionMask = 2147483647;
			files = (
				9891C92920FB57526B8F966E /* Pods_TestTabbedUITests.framework in Frameworks */,
			);
			runOnlyForDeploymentPostprocessing = 0;
		};
/* End PBXFrameworksBuildPhase section */

/* Begin PBXGroup section */
		156B139357CAD5DFF8699B3E /* Pods */ = {
			isa = PBXGroup;
			children = (
				2636DF2405C7E10749E33A2D /* Pods-TestTabbed.debug.xcconfig */,
				B51CD83EF66D22DC98E63250 /* Pods-TestTabbed.release.xcconfig */,
				5EF5FB99935FE3C156F5A317 /* Pods-TestTabbedTests.debug.xcconfig */,
				B3D3ABBFFFC926098BD006FC /* Pods-TestTabbedTests.release.xcconfig */,
				35A10A58FFE29A3BE94FED2A /* Pods-TestTabbedUITests.debug.xcconfig */,
				AFE39F52AA4AB0FFFDBDD49B /* Pods-TestTabbedUITests.release.xcconfig */,
			);
			name = Pods;
			sourceTree = "<group>";
		};
		23361ED71F14094B00087764 = {
			isa = PBXGroup;
			children = (
				2335B6081F24B03E0099C9EE /* PirateOnWood.png */,
				2300C42A1F1E789F008AE843 /* Quicksand-Regular.ttf */,
				23361EE21F14094B00087764 /* TestTabbed */,
				23361EF91F14094B00087764 /* TestTabbedTests */,
				23361F041F14094B00087764 /* TestTabbedUITests */,
				23361EE11F14094B00087764 /* Products */,
				156B139357CAD5DFF8699B3E /* Pods */,
				B016F450963605765B402DAC /* Frameworks */,
			);
			sourceTree = "<group>";
		};
		23361EE11F14094B00087764 /* Products */ = {
			isa = PBXGroup;
			children = (
				23361EE01F14094B00087764 /* TestTabbed.app */,
				23361EF61F14094B00087764 /* TestTabbedTests.xctest */,
				23361F011F14094B00087764 /* TestTabbedUITests.xctest */,
			);
			name = Products;
			sourceTree = "<group>";
		};
		23361EE21F14094B00087764 /* TestTabbed */ = {
			isa = PBXGroup;
			children = (
				2300C4281F1E77BC008AE843 /* Quicksand */,
				238F112E1F1451540069C015 /* GoogleService-Info.plist */,
				23361EE31F14094B00087764 /* AppDelegate.swift */,
				238F11321F1548BE0069C015 /* DataContainer.swift */,
				2300C4221F1BE2F2008AE843 /* AuctionItem.swift */,
				23361EE51F14094B00087764 /* AuctionViewController.swift */,
				2300C4241F1C307A008AE843 /* SplashScreen.swift */,
				23361EE71F14094B00087764 /* StudentViewController.swift */,
				23361EE91F14094B00087764 /* Main.storyboard */,
				2335B6061F2433520099C9EE /* MainTabBarController.swift */,
				2335B6041F23B9F00099C9EE /* SettingsMenu.swift */,
				23D5162B1F1FD98E003F2107 /* AuctionResultsController.swift */,
				238F11361F1596A20069C015 /* EditItemViewController.swift */,
				2335B6021F2275860099C9EE /* Util.swift */,
				238F11341F15672C0069C015 /* ItemDetailViewController.swift */,
				23361EEC1F14094B00087764 /* Assets.xcassets */,
				23361EEE1F14094B00087764 /* LaunchScreen.storyboard */,
				23361EF11F14094B00087764 /* Info.plist */,
			);
			path = TestTabbed;
			sourceTree = "<group>";
		};
		23361EF91F14094B00087764 /* TestTabbedTests */ = {
			isa = PBXGroup;
			children = (
				23361EFA1F14094B00087764 /* TestTabbedTests.swift */,
				23361EFC1F14094B00087764 /* Info.plist */,
			);
			path = TestTabbedTests;
			sourceTree = "<group>";
		};
		23361F041F14094B00087764 /* TestTabbedUITests */ = {
			isa = PBXGroup;
			children = (
				23361F051F14094B00087764 /* TestTabbedUITests.swift */,
				23361F071F14094B00087764 /* Info.plist */,
			);
			path = TestTabbedUITests;
			sourceTree = "<group>";
		};
		B016F450963605765B402DAC /* Frameworks */ = {
			isa = PBXGroup;
			children = (
				B7C6E2852688CACBE26AE648 /* Pods_TestTabbed.framework */,
				B9954ED4517D26B5031BE8A9 /* Pods_TestTabbedTests.framework */,
				74E38941305F5BB262A525B5 /* Pods_TestTabbedUITests.framework */,
			);
			name = Frameworks;
			sourceTree = "<group>";
		};
/* End PBXGroup section */

/* Begin PBXNativeTarget section */
		23361EDF1F14094B00087764 /* TestTabbed */ = {
			isa = PBXNativeTarget;
			buildConfigurationList = 23361F0A1F14094B00087764 /* Build configuration list for PBXNativeTarget "TestTabbed" */;
			buildPhases = (
				BA2EA11459CB05AB7AC56541 /* [CP] Check Pods Manifest.lock */,
				23361EDC1F14094B00087764 /* Sources */,
				23361EDD1F14094B00087764 /* Frameworks */,
				23361EDE1F14094B00087764 /* Resources */,
				1DB07040C5977C1CB5E3C16C /* [CP] Embed Pods Frameworks */,
				ADF916C88D785A44F090F5FA /* [CP] Copy Pods Resources */,
			);
			buildRules = (
			);
			dependencies = (
			);
			name = TestTabbed;
			productName = TestTabbed;
			productReference = 23361EE01F14094B00087764 /* TestTabbed.app */;
			productType = "com.apple.product-type.application";
		};
		23361EF51F14094B00087764 /* TestTabbedTests */ = {
			isa = PBXNativeTarget;
			buildConfigurationList = 23361F0D1F14094B00087764 /* Build configuration list for PBXNativeTarget "TestTabbedTests" */;
			buildPhases = (
				2DDEDAFCB4B4EA69D371D91A /* [CP] Check Pods Manifest.lock */,
				23361EF21F14094B00087764 /* Sources */,
				23361EF31F14094B00087764 /* Frameworks */,
				23361EF41F14094B00087764 /* Resources */,
				CD79128CBFE740B9E2F69F18 /* [CP] Embed Pods Frameworks */,
				D149B28B9C0633B556F685A5 /* [CP] Copy Pods Resources */,
			);
			buildRules = (
			);
			dependencies = (
				23361EF81F14094B00087764 /* PBXTargetDependency */,
			);
			name = TestTabbedTests;
			productName = TestTabbedTests;
			productReference = 23361EF61F14094B00087764 /* TestTabbedTests.xctest */;
			productType = "com.apple.product-type.bundle.unit-test";
		};
		23361F001F14094B00087764 /* TestTabbedUITests */ = {
			isa = PBXNativeTarget;
			buildConfigurationList = 23361F101F14094B00087764 /* Build configuration list for PBXNativeTarget "TestTabbedUITests" */;
			buildPhases = (
				FC2B564D8E570754D4AFBBE2 /* [CP] Check Pods Manifest.lock */,
				23361EFD1F14094B00087764 /* Sources */,
				23361EFE1F14094B00087764 /* Frameworks */,
				23361EFF1F14094B00087764 /* Resources */,
				75EE2AD7124CD2AB7D2296A1 /* [CP] Embed Pods Frameworks */,
				55434D1DCDC64352E0757FFB /* [CP] Copy Pods Resources */,
			);
			buildRules = (
			);
			dependencies = (
				23361F031F14094B00087764 /* PBXTargetDependency */,
			);
			name = TestTabbedUITests;
			productName = TestTabbedUITests;
			productReference = 23361F011F14094B00087764 /* TestTabbedUITests.xctest */;
			productType = "com.apple.product-type.bundle.ui-testing";
		};
/* End PBXNativeTarget section */

/* Begin PBXProject section */
		23361ED81F14094B00087764 /* Project object */ = {
			isa = PBXProject;
			attributes = {
				LastSwiftUpdateCheck = 0830;
				LastUpgradeCheck = 0830;
				ORGANIZATIONNAME = "David Evans";
				TargetAttributes = {
					23361EDF1F14094B00087764 = {
						CreatedOnToolsVersion = 8.3.3;
						DevelopmentTeam = 493Y22EV6K;
						ProvisioningStyle = Automatic;
					};
					23361EF51F14094B00087764 = {
						CreatedOnToolsVersion = 8.3.3;
						ProvisioningStyle = Automatic;
						TestTargetID = 23361EDF1F14094B00087764;
					};
					23361F001F14094B00087764 = {
						CreatedOnToolsVersion = 8.3.3;
						ProvisioningStyle = Automatic;
						TestTargetID = 23361EDF1F14094B00087764;
					};
				};
			};
			buildConfigurationList = 23361EDB1F14094B00087764 /* Build configuration list for PBXProject "TestTabbed" */;
			compatibilityVersion = "Xcode 3.2";
			developmentRegion = English;
			hasScannedForEncodings = 0;
			knownRegions = (
				en,
				Base,
			);
			mainGroup = 23361ED71F14094B00087764;
			productRefGroup = 23361EE11F14094B00087764 /* Products */;
			projectDirPath = "";
			projectRoot = "";
			targets = (
				23361EDF1F14094B00087764 /* TestTabbed */,
				23361EF51F14094B00087764 /* TestTabbedTests */,
				23361F001F14094B00087764 /* TestTabbedUITests */,
			);
		};
/* End PBXProject section */

/* Begin PBXResourcesBuildPhase section */
		23361EDE1F14094B00087764 /* Resources */ = {
			isa = PBXResourcesBuildPhase;
			buildActionMask = 2147483647;
			files = (
				2300C4291F1E77BC008AE843 /* Quicksand in Resources */,
				23361EF01F14094B00087764 /* LaunchScreen.storyboard in Resources */,
				238F112F1F1451540069C015 /* GoogleService-Info.plist in Resources */,
				23361EED1F14094B00087764 /* Assets.xcassets in Resources */,
				2335B6091F24B03E0099C9EE /* PirateOnWood.png in Resources */,
				23361EEB1F14094B00087764 /* Main.storyboard in Resources */,
				2300C42B1F1E789F008AE843 /* Quicksand-Regular.ttf in Resources */,
			);
			runOnlyForDeploymentPostprocessing = 0;
		};
		23361EF41F14094B00087764 /* Resources */ = {
			isa = PBXResourcesBuildPhase;
			buildActionMask = 2147483647;
			files = (
			);
			runOnlyForDeploymentPostprocessing = 0;
		};
		23361EFF1F14094B00087764 /* Resources */ = {
			isa = PBXResourcesBuildPhase;
			buildActionMask = 2147483647;
			files = (
			);
			runOnlyForDeploymentPostprocessing = 0;
		};
/* End PBXResourcesBuildPhase section */

/* Begin PBXShellScriptBuildPhase section */
		1DB07040C5977C1CB5E3C16C /* [CP] Embed Pods Frameworks */ = {
			isa = PBXShellScriptBuildPhase;
			buildActionMask = 2147483647;
			files = (
			);
			inputPaths = (
			);
			name = "[CP] Embed Pods Frameworks";
			outputPaths = (
			);
			runOnlyForDeploymentPostprocessing = 0;
			shellPath = /bin/sh;
			shellScript = "\"${SRCROOT}/Pods/Target Support Files/Pods-TestTabbed/Pods-TestTabbed-frameworks.sh\"\n";
			showEnvVarsInLog = 0;
		};
		2DDEDAFCB4B4EA69D371D91A /* [CP] Check Pods Manifest.lock */ = {
			isa = PBXShellScriptBuildPhase;
			buildActionMask = 2147483647;
			files = (
			);
			inputPaths = (
			);
			name = "[CP] Check Pods Manifest.lock";
			outputPaths = (
			);
			runOnlyForDeploymentPostprocessing = 0;
			shellPath = /bin/sh;
			shellScript = "diff \"${PODS_PODFILE_DIR_PATH}/Podfile.lock\" \"${PODS_ROOT}/Manifest.lock\" > /dev/null\nif [ $? != 0 ] ; then\n    # print error to STDERR\n    echo \"error: The sandbox is not in sync with the Podfile.lock. Run 'pod install' or update your CocoaPods installation.\" >&2\n    exit 1\nfi\n";
			showEnvVarsInLog = 0;
		};
		55434D1DCDC64352E0757FFB /* [CP] Copy Pods Resources */ = {
			isa = PBXShellScriptBuildPhase;
			buildActionMask = 2147483647;
			files = (
			);
			inputPaths = (
			);
			name = "[CP] Copy Pods Resources";
			outputPaths = (
			);
			runOnlyForDeploymentPostprocessing = 0;
			shellPath = /bin/sh;
			shellScript = "\"${SRCROOT}/Pods/Target Support Files/Pods-TestTabbedUITests/Pods-TestTabbedUITests-resources.sh\"\n";
			showEnvVarsInLog = 0;
		};
		75EE2AD7124CD2AB7D2296A1 /* [CP] Embed Pods Frameworks */ = {
			isa = PBXShellScriptBuildPhase;
			buildActionMask = 2147483647;
			files = (
			);
			inputPaths = (
			);
			name = "[CP] Embed Pods Frameworks";
			outputPaths = (
			);
			runOnlyForDeploymentPostprocessing = 0;
			shellPath = /bin/sh;
			shellScript = "\"${SRCROOT}/Pods/Target Support Files/Pods-TestTabbedUITests/Pods-TestTabbedUITests-frameworks.sh\"\n";
			showEnvVarsInLog = 0;
		};
		ADF916C88D785A44F090F5FA /* [CP] Copy Pods Resources */ = {
			isa = PBXShellScriptBuildPhase;
			buildActionMask = 2147483647;
			files = (
			);
			inputPaths = (
			);
			name = "[CP] Copy Pods Resources";
			outputPaths = (
			);
			runOnlyForDeploymentPostprocessing = 0;
			shellPath = /bin/sh;
			shellScript = "\"${SRCROOT}/Pods/Target Support Files/Pods-TestTabbed/Pods-TestTabbed-resources.sh\"\n";
			showEnvVarsInLog = 0;
		};
		BA2EA11459CB05AB7AC56541 /* [CP] Check Pods Manifest.lock */ = {
			isa = PBXShellScriptBuildPhase;
			buildActionMask = 2147483647;
			files = (
			);
			inputPaths = (
			);
			name = "[CP] Check Pods Manifest.lock";
			outputPaths = (
			);
			runOnlyForDeploymentPostprocessing = 0;
			shellPath = /bin/sh;
			shellScript = "diff \"${PODS_PODFILE_DIR_PATH}/Podfile.lock\" \"${PODS_ROOT}/Manifest.lock\" > /dev/null\nif [ $? != 0 ] ; then\n    # print error to STDERR\n    echo \"error: The sandbox is not in sync with the Podfile.lock. Run 'pod install' or update your CocoaPods installation.\" >&2\n    exit 1\nfi\n";
			showEnvVarsInLog = 0;
		};
		CD79128CBFE740B9E2F69F18 /* [CP] Embed Pods Frameworks */ = {
			isa = PBXShellScriptBuildPhase;
			buildActionMask = 2147483647;
			files = (
			);
			inputPaths = (
			);
			name = "[CP] Embed Pods Frameworks";
			outputPaths = (
			);
			runOnlyForDeploymentPostprocessing = 0;
			shellPath = /bin/sh;
			shellScript = "\"${SRCROOT}/Pods/Target Support Files/Pods-TestTabbedTests/Pods-TestTabbedTests-frameworks.sh\"\n";
			showEnvVarsInLog = 0;
		};
		D149B28B9C0633B556F685A5 /* [CP] Copy Pods Resources */ = {
			isa = PBXShellScriptBuildPhase;
			buildActionMask = 2147483647;
			files = (
			);
			inputPaths = (
			);
			name = "[CP] Copy Pods Resources";
			outputPaths = (
			);
			runOnlyForDeploymentPostprocessing = 0;
			shellPath = /bin/sh;
			shellScript = "\"${SRCROOT}/Pods/Target Support Files/Pods-TestTabbedTests/Pods-TestTabbedTests-resources.sh\"\n";
			showEnvVarsInLog = 0;
		};
		FC2B564D8E570754D4AFBBE2 /* [CP] Check Pods Manifest.lock */ = {
			isa = PBXShellScriptBuildPhase;
			buildActionMask = 2147483647;
			files = (
			);
			inputPaths = (
			);
			name = "[CP] Check Pods Manifest.lock";
			outputPaths = (
			);
			runOnlyForDeploymentPostprocessing = 0;
			shellPath = /bin/sh;
			shellScript = "diff \"${PODS_PODFILE_DIR_PATH}/Podfile.lock\" \"${PODS_ROOT}/Manifest.lock\" > /dev/null\nif [ $? != 0 ] ; then\n    # print error to STDERR\n    echo \"error: The sandbox is not in sync with the Podfile.lock. Run 'pod install' or update your CocoaPods installation.\" >&2\n    exit 1\nfi\n";
			showEnvVarsInLog = 0;
		};
/* End PBXShellScriptBuildPhase section */

/* Begin PBXSourcesBuildPhase section */
		23361EDC1F14094B00087764 /* Sources */ = {
			isa = PBXSourcesBuildPhase;
			buildActionMask = 2147483647;
			files = (
				2300C4251F1C307A008AE843 /* SplashScreen.swift in Sources */,
				238F11351F15672C0069C015 /* ItemDetailViewController.swift in Sources */,
				2335B6071F2433520099C9EE /* MainTabBarController.swift in Sources */,
				238F11371F1596A20069C015 /* EditItemViewController.swift in Sources */,
				23361EE81F14094B00087764 /* StudentViewController.swift in Sources */,
				23361EE41F14094B00087764 /* AppDelegate.swift in Sources */,
				23361EE61F14094B00087764 /* AuctionViewController.swift in Sources */,
				238F11331F1548BE0069C015 /* DataContainer.swift in Sources */,
				2335B6031F2275860099C9EE /* Util.swift in Sources */,
				2300C4231F1BE2F2008AE843 /* AuctionItem.swift in Sources */,
				23D5162C1F1FD98E003F2107 /* AuctionResultsController.swift in Sources */,
				2335B6051F23B9F00099C9EE /* SettingsMenu.swift in Sources */,
			);
			runOnlyForDeploymentPostprocessing = 0;
		};
		23361EF21F14094B00087764 /* Sources */ = {
			isa = PBXSourcesBuildPhase;
			buildActionMask = 2147483647;
			files = (
				23361EFB1F14094B00087764 /* TestTabbedTests.swift in Sources */,
			);
			runOnlyForDeploymentPostprocessing = 0;
		};
		23361EFD1F14094B00087764 /* Sources */ = {
			isa = PBXSourcesBuildPhase;
			buildActionMask = 2147483647;
			files = (
				23361F061F14094B00087764 /* TestTabbedUITests.swift in Sources */,
			);
			runOnlyForDeploymentPostprocessing = 0;
		};
/* End PBXSourcesBuildPhase section */

/* Begin PBXTargetDependency section */
		23361EF81F14094B00087764 /* PBXTargetDependency */ = {
			isa = PBXTargetDependency;
			target = 23361EDF1F14094B00087764 /* TestTabbed */;
			targetProxy = 23361EF71F14094B00087764 /* PBXContainerItemProxy */;
		};
		23361F031F14094B00087764 /* PBXTargetDependency */ = {
			isa = PBXTargetDependency;
			target = 23361EDF1F14094B00087764 /* TestTabbed */;
			targetProxy = 23361F021F14094B00087764 /* PBXContainerItemProxy */;
		};
/* End PBXTargetDependency section */

/* Begin PBXVariantGroup section */
		23361EE91F14094B00087764 /* Main.storyboard */ = {
			isa = PBXVariantGroup;
			children = (
				23361EEA1F14094B00087764 /* Base */,
			);
			name = Main.storyboard;
			sourceTree = "<group>";
		};
		23361EEE1F14094B00087764 /* LaunchScreen.storyboard */ = {
			isa = PBXVariantGroup;
			children = (
				23361EEF1F14094B00087764 /* Base */,
			);
			name = LaunchScreen.storyboard;
			sourceTree = "<group>";
		};
/* End PBXVariantGroup section */

/* Begin XCBuildConfiguration section */
		23361F081F14094B00087764 /* Debug */ = {
			isa = XCBuildConfiguration;
			buildSettings = {
				ALWAYS_SEARCH_USER_PATHS = NO;
				CLANG_ANALYZER_NONNULL = YES;
				CLANG_ANALYZER_NUMBER_OBJECT_CONVERSION = YES_AGGRESSIVE;
				CLANG_CXX_LANGUAGE_STANDARD = "gnu++0x";
				CLANG_CXX_LIBRARY = "libc++";
				CLANG_ENABLE_MODULES = YES;
				CLANG_ENABLE_OBJC_ARC = YES;
				CLANG_WARN_BOOL_CONVERSION = YES;
				CLANG_WARN_CONSTANT_CONVERSION = YES;
				CLANG_WARN_DIRECT_OBJC_ISA_USAGE = YES_ERROR;
				CLANG_WARN_DOCUMENTATION_COMMENTS = YES;
				CLANG_WARN_EMPTY_BODY = YES;
				CLANG_WARN_ENUM_CONVERSION = YES;
				CLANG_WARN_INFINITE_RECURSION = YES;
				CLANG_WARN_INT_CONVERSION = YES;
				CLANG_WARN_OBJC_ROOT_CLASS = YES_ERROR;
				CLANG_WARN_SUSPICIOUS_MOVE = YES;
				CLANG_WARN_UNREACHABLE_CODE = YES;
				CLANG_WARN__DUPLICATE_METHOD_MATCH = YES;
				"CODE_SIGN_IDENTITY[sdk=iphoneos*]" = "iPhone Developer";
				COPY_PHASE_STRIP = NO;
				DEBUG_INFORMATION_FORMAT = dwarf;
				ENABLE_STRICT_OBJC_MSGSEND = YES;
				ENABLE_TESTABILITY = YES;
				GCC_C_LANGUAGE_STANDARD = gnu99;
				GCC_DYNAMIC_NO_PIC = NO;
				GCC_NO_COMMON_BLOCKS = YES;
				GCC_OPTIMIZATION_LEVEL = 0;
				GCC_PREPROCESSOR_DEFINITIONS = (
					"DEBUG=1",
					"$(inherited)",
				);
				GCC_WARN_64_TO_32_BIT_CONVERSION = YES;
				GCC_WARN_ABOUT_RETURN_TYPE = YES_ERROR;
				GCC_WARN_UNDECLARED_SELECTOR = YES;
				GCC_WARN_UNINITIALIZED_AUTOS = YES_AGGRESSIVE;
				GCC_WARN_UNUSED_FUNCTION = YES;
				GCC_WARN_UNUSED_VARIABLE = YES;
				IPHONEOS_DEPLOYMENT_TARGET = 10.3;
				MTL_ENABLE_DEBUG_INFO = YES;
				ONLY_ACTIVE_ARCH = YES;
				SDKROOT = iphoneos;
				SWIFT_ACTIVE_COMPILATION_CONDITIONS = DEBUG;
				SWIFT_OPTIMIZATION_LEVEL = "-Onone";
				TARGETED_DEVICE_FAMILY = "1,2";
			};
			name = Debug;
		};
		23361F091F14094B00087764 /* Release */ = {
			isa = XCBuildConfiguration;
			buildSettings = {
				ALWAYS_SEARCH_USER_PATHS = NO;
				CLANG_ANALYZER_NONNULL = YES;
				CLANG_ANALYZER_NUMBER_OBJECT_CONVERSION = YES_AGGRESSIVE;
				CLANG_CXX_LANGUAGE_STANDARD = "gnu++0x";
				CLANG_CXX_LIBRARY = "libc++";
				CLANG_ENABLE_MODULES = YES;
				CLANG_ENABLE_OBJC_ARC = YES;
				CLANG_WARN_BOOL_CONVERSION = YES;
				CLANG_WARN_CONSTANT_CONVERSION = YES;
				CLANG_WARN_DIRECT_OBJC_ISA_USAGE = YES_ERROR;
				CLANG_WARN_DOCUMENTATION_COMMENTS = YES;
				CLANG_WARN_EMPTY_BODY = YES;
				CLANG_WARN_ENUM_CONVERSION = YES;
				CLANG_WARN_INFINITE_RECURSION = YES;
				CLANG_WARN_INT_CONVERSION = YES;
				CLANG_WARN_OBJC_ROOT_CLASS = YES_ERROR;
				CLANG_WARN_SUSPICIOUS_MOVE = YES;
				CLANG_WARN_UNREACHABLE_CODE = YES;
				CLANG_WARN__DUPLICATE_METHOD_MATCH = YES;
				"CODE_SIGN_IDENTITY[sdk=iphoneos*]" = "iPhone Developer";
				COPY_PHASE_STRIP = NO;
				DEBUG_INFORMATION_FORMAT = "dwarf-with-dsym";
				ENABLE_NS_ASSERTIONS = NO;
				ENABLE_STRICT_OBJC_MSGSEND = YES;
				GCC_C_LANGUAGE_STANDARD = gnu99;
				GCC_NO_COMMON_BLOCKS = YES;
				GCC_WARN_64_TO_32_BIT_CONVERSION = YES;
				GCC_WARN_ABOUT_RETURN_TYPE = YES_ERROR;
				GCC_WARN_UNDECLARED_SELECTOR = YES;
				GCC_WARN_UNINITIALIZED_AUTOS = YES_AGGRESSIVE;
				GCC_WARN_UNUSED_FUNCTION = YES;
				GCC_WARN_UNUSED_VARIABLE = YES;
				IPHONEOS_DEPLOYMENT_TARGET = 10.3;
				MTL_ENABLE_DEBUG_INFO = NO;
				SDKROOT = iphoneos;
				SWIFT_OPTIMIZATION_LEVEL = "-Owholemodule";
				TARGETED_DEVICE_FAMILY = "1,2";
				VALIDATE_PRODUCT = YES;
			};
			name = Release;
		};
		23361F0B1F14094B00087764 /* Debug */ = {
			isa = XCBuildConfiguration;
			baseConfigurationReference = 2636DF2405C7E10749E33A2D /* Pods-TestTabbed.debug.xcconfig */;
			buildSettings = {
				ASSETCATALOG_COMPILER_APPICON_NAME = AppIcon;
				ASSETCATALOG_COMPILER_LAUNCHIMAGE_NAME = LaunchImage;
				DEVELOPMENT_TEAM = 493Y22EV6K;
				INFOPLIST_FILE = TestTabbed/Info.plist;
				IPHONEOS_DEPLOYMENT_TARGET = 10.0;
				LD_RUNPATH_SEARCH_PATHS = "$(inherited) @executable_path/Frameworks";
				PRODUCT_BUNDLE_IDENTIFIER = com.fourpirates.TestTabbed;
				PRODUCT_NAME = "$(TARGET_NAME)";
				SWIFT_VERSION = 3.0;
			};
			name = Debug;
		};
		23361F0C1F14094B00087764 /* Release */ = {
			isa = XCBuildConfiguration;
			baseConfigurationReference = B51CD83EF66D22DC98E63250 /* Pods-TestTabbed.release.xcconfig */;
			buildSettings = {
				ASSETCATALOG_COMPILER_APPICON_NAME = AppIcon;
				ASSETCATALOG_COMPILER_LAUNCHIMAGE_NAME = LaunchImage;
				DEVELOPMENT_TEAM = 493Y22EV6K;
				INFOPLIST_FILE = TestTabbed/Info.plist;
				IPHONEOS_DEPLOYMENT_TARGET = 10.0;
				LD_RUNPATH_SEARCH_PATHS = "$(inherited) @executable_path/Frameworks";
				PRODUCT_BUNDLE_IDENTIFIER = com.fourpirates.TestTabbed;
				PRODUCT_NAME = "$(TARGET_NAME)";
				SWIFT_VERSION = 3.0;
			};
			name = Release;
		};
		23361F0E1F14094B00087764 /* Debug */ = {
			isa = XCBuildConfiguration;
			baseConfigurationReference = 5EF5FB99935FE3C156F5A317 /* Pods-TestTabbedTests.debug.xcconfig */;
			buildSettings = {
				ALWAYS_EMBED_SWIFT_STANDARD_LIBRARIES = YES;
				BUNDLE_LOADER = "$(TEST_HOST)";
				INFOPLIST_FILE = TestTabbedTests/Info.plist;
				LD_RUNPATH_SEARCH_PATHS = "$(inherited) @executable_path/Frameworks @loader_path/Frameworks";
				PRODUCT_BUNDLE_IDENTIFIER = com.fourpirates.TestTabbedTests;
				PRODUCT_NAME = "$(TARGET_NAME)";
				SWIFT_VERSION = 3.0;
				TEST_HOST = "$(BUILT_PRODUCTS_DIR)/TestTabbed.app/TestTabbed";
			};
			name = Debug;
		};
		23361F0F1F14094B00087764 /* Release */ = {
			isa = XCBuildConfiguration;
			baseConfigurationReference = B3D3ABBFFFC926098BD006FC /* Pods-TestTabbedTests.release.xcconfig */;
			buildSettings = {
				ALWAYS_EMBED_SWIFT_STANDARD_LIBRARIES = YES;
				BUNDLE_LOADER = "$(TEST_HOST)";
				INFOPLIST_FILE = TestTabbedTests/Info.plist;
				LD_RUNPATH_SEARCH_PATHS = "$(inherited) @executable_path/Frameworks @loader_path/Frameworks";
				PRODUCT_BUNDLE_IDENTIFIER = com.fourpirates.TestTabbedTests;
				PRODUCT_NAME = "$(TARGET_NAME)";
				SWIFT_VERSION = 3.0;
				TEST_HOST = "$(BUILT_PRODUCTS_DIR)/TestTabbed.app/TestTabbed";
			};
			name = Release;
		};
		23361F111F14094B00087764 /* Debug */ = {
			isa = XCBuildConfiguration;
			baseConfigurationReference = 35A10A58FFE29A3BE94FED2A /* Pods-TestTabbedUITests.debug.xcconfig */;
			buildSettings = {
				ALWAYS_EMBED_SWIFT_STANDARD_LIBRARIES = YES;
				INFOPLIST_FILE = TestTabbedUITests/Info.plist;
				LD_RUNPATH_SEARCH_PATHS = "$(inherited) @executable_path/Frameworks @loader_path/Frameworks";
				PRODUCT_BUNDLE_IDENTIFIER = com.fourpirates.TestTabbedUITests;
				PRODUCT_NAME = "$(TARGET_NAME)";
				SWIFT_VERSION = 3.0;
				TEST_TARGET_NAME = TestTabbed;
			};
			name = Debug;
		};
		23361F121F14094B00087764 /* Release */ = {
			isa = XCBuildConfiguration;
			baseConfigurationReference = AFE39F52AA4AB0FFFDBDD49B /* Pods-TestTabbedUITests.release.xcconfig */;
			buildSettings = {
				ALWAYS_EMBED_SWIFT_STANDARD_LIBRARIES = YES;
				INFOPLIST_FILE = TestTabbedUITests/Info.plist;
				LD_RUNPATH_SEARCH_PATHS = "$(inherited) @executable_path/Frameworks @loader_path/Frameworks";
				PRODUCT_BUNDLE_IDENTIFIER = com.fourpirates.TestTabbedUITests;
				PRODUCT_NAME = "$(TARGET_NAME)";
				SWIFT_VERSION = 3.0;
				TEST_TARGET_NAME = TestTabbed;
			};
			name = Release;
		};
/* End XCBuildConfiguration section */

/* Begin XCConfigurationList section */
		23361EDB1F14094B00087764 /* Build configuration list for PBXProject "TestTabbed" */ = {
			isa = XCConfigurationList;
			buildConfigurations = (
				23361F081F14094B00087764 /* Debug */,
				23361F091F14094B00087764 /* Release */,
			);
			defaultConfigurationIsVisible = 0;
			defaultConfigurationName = Release;
		};
		23361F0A1F14094B00087764 /* Build configuration list for PBXNativeTarget "TestTabbed" */ = {
			isa = XCConfigurationList;
			buildConfigurations = (
				23361F0B1F14094B00087764 /* Debug */,
				23361F0C1F14094B00087764 /* Release */,
			);
			defaultConfigurationIsVisible = 0;
			defaultConfigurationName = Release;
		};
		23361F0D1F14094B00087764 /* Build configuration list for PBXNativeTarget "TestTabbedTests" */ = {
			isa = XCConfigurationList;
			buildConfigurations = (
				23361F0E1F14094B00087764 /* Debug */,
				23361F0F1F14094B00087764 /* Release */,
			);
			defaultConfigurationIsVisible = 0;
			defaultConfigurationName = Release;
		};
		23361F101F14094B00087764 /* Build configuration list for PBXNativeTarget "TestTabbedUITests" */ = {
			isa = XCConfigurationList;
			buildConfigurations = (
				23361F111F14094B00087764 /* Debug */,
				23361F121F14094B00087764 /* Release */,
			);
			defaultConfigurationIsVisible = 0;
			defaultConfigurationName = Release;
		};
/* End XCConfigurationList section */
	};
	rootObject = 23361ED81F14094B00087764 /* Project object */;
}
